
Microsoft Visual Studio Solution File, Format Version 12.00
# Visual Studio Version 17
VisualStudioVersion = 17.14.36414.22
MinimumVisualStudioVersion = 10.0.40219.1
Project("{FAE04EC0-301F-11D3-BF4B-00C04F79EFBC}") = "Miles.BlazorUI", "Miles.BlazorUI\Miles.BlazorUI.csproj", "{1D98FCF8-A9A5-494E-8562-B0609A861901}"
EndProject
Project("{FAE04EC0-301F-11D3-BF4B-00C04F79EFBC}") = "Demo", "Demo\Demo.csproj", "{DE11271F-7CE2-4ADA-9BC4-4B3B78BB49A4}"
EndProject
Global
	GlobalSection(SolutionConfigurationPlatforms) = preSolution
		Debug|Any CPU = Debug|Any CPU
		Release|Any CPU = Release|Any CPU
	EndGlobalSection
	GlobalSection(ProjectConfigurationPlatforms) = postSolution
		{1D98FCF8-A9A5-494E-8562-B0609A861901}.Debug|Any CPU.ActiveCfg = Debug|Any CPU
		{1D98FCF8-A9A5-494E-8562-B0609A861901}.Debug|Any CPU.Build.0 = Debug|Any CPU
		{1D98FCF8-A9A5-494E-8562-B0609A861901}.Release|Any CPU.ActiveCfg = Release|Any CPU
		{1D98FCF8-A9A5-494E-8562-B0609A861901}.Release|Any CPU.Build.0 = Release|Any CPU
		{DE11271F-7CE2-4ADA-9BC4-4B3B78BB49A4}.Debug|Any CPU.ActiveCfg = Debug|Any CPU
		{DE11271F-7CE2-4ADA-9BC4-4B3B78BB49A4}.Debug|Any CPU.Build.0 = Debug|Any CPU
		{DE11271F-7CE2-4ADA-9BC4-4B3B78BB49A4}.Release|Any CPU.ActiveCfg = Release|Any CPU
		{DE11271F-7CE2-4ADA-9BC4-4B3B78BB49A4}.Release|Any CPU.Build.0 = Release|Any CPU
	EndGlobalSection
	GlobalSection(SolutionProperties) = preSolution
		HideSolutionNode = FALSE
	EndGlobalSection
	GlobalSection(ExtensibilityGlobals) = postSolution
		SolutionGuid = {F9C8FE71-2329-4C78-96D0-671A078F2F9E}
	EndGlobalSection
EndGlobal
